{
  "name": "server",
  "lockfileVersion": 3,
  "requires": true,
  "packages": {
    "": {
      "dependencies": {
        "a.s.a.p-lagundi": "file:.."
      }
    },
    "..": {
      "name": "a.s.a.p-lagundi",
      "version": "1.0.0",
      "license": "ISC",
      "dependencies": {
        "bcryptjs": "^3.0.3",
        "colors": "^1.4.0",
        "cookie-parser": "^1.4.7",
        "cors": "^2.8.6",
        "crypto": "^1.0.1",
        "express": "^5.2.1",
        "express-async-handler": "^1.2.0",
        "express-rate-limit": "^8.3.2",
        "jsonwebtoken": "^9.0.3",
        "mongoose": "^9.4.1",
        "multer": "^2.1.1",
        "socket.io": "^4.8.3"
      },
      "devDependencies": {
        "dotenv": "^17.4.0",
        "nodemon": "^3.1.14"
      }
    },
    "node_modules/a.s.a.p-lagundi": {
      "resolved": "..",
      "link": true
    }
  }
}
